
Microsoft Visual Studio Solution File, Format Version 12.00
# Visual Studio Version 16
VisualStudioVersion = 16.0.29709.97
MinimumVisualStudioVersion = 10.0.40219.1
Project("{FAE04EC0-301F-11D3-BF4B-00C04F79EFBC}") = "pr 1", "pr 1\pr 1.csproj", "{92688CDD-0DB4-48DC-B7FA-D73DC3FA073D}"
EndProject
Global
	GlobalSection(SolutionConfigurationPlatforms) = preSolution
		Debug|Any CPU = Debug|Any CPU
		Release|Any CPU = Release|Any CPU
	EndGlobalSection
	GlobalSection(ProjectConfigurationPlatforms) = postSolution
		{92688CDD-0DB4-48DC-B7FA-D73DC3FA073D}.Debug|Any CPU.ActiveCfg = Debug|Any CPU
		{92688CDD-0DB4-48DC-B7FA-D73DC3FA073D}.Debug|Any CPU.Build.0 = Debug|Any CPU
		{92688CDD-0DB4-48DC-B7FA-D73DC3FA073D}.Release|Any CPU.ActiveCfg = Release|Any CPU
		{92688CDD-0DB4-48DC-B7FA-D73DC3FA073D}.Release|Any CPU.Build.0 = Release|Any CPU
	EndGlobalSection
	GlobalSection(SolutionProperties) = preSolution
		HideSolutionNode = FALSE
	EndGlobalSection
	GlobalSection(ExtensibilityGlobals) = postSolution
		SolutionGuid = {E4009F7F-4456-4DF6-97DB-FD17BF0C4B51}
	EndGlobalSection
EndGlobal
